# THIS IS AN AUTOGENERATED FILE. DO NOT EDIT THIS FILE DIRECTLY.
# yarn lockfile v1


"@types/node@^10.17.24":
  version "10.17.60"
  resolved "https://registry.nlark.com/@types/node/download/@types/node-10.17.60.tgz#35f3d6213daed95da7f0f73e75bcc6980e90597b"
  integrity sha1-NfPWIT2u2V2n8Pc+dbzGmA6QWXs=

arrify@^1.0.0:
  version "1.0.1"
  resolved "https://registry.nlark.com/arrify/download/arrify-1.0.1.tgz#898508da2226f380df904728456849c1501a4b0d"
  integrity sha1-iYUI2iIm84DfkEcoRWhJwVAaSw0=

buffer-from@^1.0.0, buffer-from@^1.1.0:
  version "1.1.2"
  resolved "https://registry.nlark.com/buffer-from/download/buffer-from-1.1.2.tgz?cache=0&other_urls=https%3A%2F%2Fregistry.nlark.com%2Fbuffer-from%2Fdownload%2Fbuffer-from-1.1.2.tgz#2b146a6fd72e80b4f55d255f35ed59a3a9a41bd5"
  integrity sha1-KxRqb9cugLT1XSVfNe1Zo6mkG9U=

call-bind@^1.0.0, call-bind@^1.0.2:
  version "1.0.2"
  resolved "https://registry.nlark.com/call-bind/download/call-bind-1.0.2.tgz#b1d4e89e688119c3c9a903ad30abb2f6a919be3c"
  integrity sha1-sdTonmiBGcPJqQOtMKuy9qkZvjw=
  dependencies:
    function-bind "^1.1.1"
    get-intrinsic "^1.0.2"

confusing-browser-globals@^1.0.5:
  version "1.0.10"
  resolved "https://registry.nlark.com/confusing-browser-globals/download/confusing-browser-globals-1.0.10.tgz#30d1e7f3d1b882b25ec4933d1d1adac353d20a59"
  integrity sha1-MNHn89G4grJexJM9HRraw1PSClk=

define-properties@^1.1.3:
  version "1.1.3"
  resolved "https://registry.npm.taobao.org/define-properties/download/define-properties-1.1.3.tgz#cf88da6cbee26fe6db7094f61d870cbd84cee9f1"
  integrity sha1-z4jabL7ib+bbcJT2HYcMvYTO6fE=
  dependencies:
    object-keys "^1.0.12"

diff@^3.1.0:
  version "3.5.0"
  resolved "https://registry.nlark.com/diff/download/diff-3.5.0.tgz?cache=0&sync_timestamp=1618847042805&other_urls=https%3A%2F%2Fregistry.nlark.com%2Fdiff%2Fdownload%2Fdiff-3.5.0.tgz#800c0dd1e0a8bfbc95835c202ad220fe317e5a12"
  integrity sha1-gAwN0eCov7yVg1wgKtIg/jF+WhI=

es-abstract@^1.18.2:
  version "1.18.5"
  resolved "https://registry.nlark.com/es-abstract/download/es-abstract-1.18.5.tgz#9b10de7d4c206a3581fd5b2124233e04db49ae19"
  integrity sha1-mxDefUwgajWB/VshJCM+BNtJrhk=
  dependencies:
    call-bind "^1.0.2"
    es-to-primitive "^1.2.1"
    function-bind "^1.1.1"
    get-intrinsic "^1.1.1"
    has "^1.0.3"
    has-symbols "^1.0.2"
    internal-slot "^1.0.3"
    is-callable "^1.2.3"
    is-negative-zero "^2.0.1"
    is-regex "^1.1.3"
    is-string "^1.0.6"
    object-inspect "^1.11.0"
    object-keys "^1.1.1"
    object.assign "^4.1.2"
    string.prototype.trimend "^1.0.4"
    string.prototype.trimstart "^1.0.4"
    unbox-primitive "^1.0.1"

es-to-primitive@^1.2.1:
  version "1.2.1"
  resolved "https://registry.nlark.com/es-to-primitive/download/es-to-primitive-1.2.1.tgz#e55cd4c9cdc188bcefb03b366c736323fc5c898a"
  integrity sha1-5VzUyc3BiLzvsDs2bHNjI/xciYo=
  dependencies:
    is-callable "^1.1.4"
    is-date-object "^1.0.1"
    is-symbol "^1.0.2"

eslint-config-airbnb-base@^13.2.0:
  version "13.2.0"
  resolved "https://registry.npm.taobao.org/eslint-config-airbnb-base/download/eslint-config-airbnb-base-13.2.0.tgz#f6ea81459ff4dec2dda200c35f1d8f7419d57943"
  integrity sha1-9uqBRZ/03sLdogDDXx2PdBnVeUM=
  dependencies:
    confusing-browser-globals "^1.0.5"
    object.assign "^4.1.0"
    object.entries "^1.1.0"

eslint-config-airbnb@^17.1.0:
  version "17.1.1"
  resolved "https://registry.nlark.com/eslint-config-airbnb/download/eslint-config-airbnb-17.1.1.tgz#2272e0b86bb1e2b138cdf88d07a3b6f4cda3d626"
  integrity sha1-InLguGux4rE4zfiNB6O29M2j1iY=
  dependencies:
    eslint-config-airbnb-base "^13.2.0"
    object.assign "^4.1.0"
    object.entries "^1.1.0"

function-bind@^1.1.1:
  version "1.1.1"
  resolved "https://registry.nlark.com/function-bind/download/function-bind-1.1.1.tgz#a56899d3ea3c9bab874bb9773b7c5ede92f4895d"
  integrity sha1-pWiZ0+o8m6uHS7l3O3xe3pL0iV0=

get-intrinsic@^1.0.2, get-intrinsic@^1.1.0, get-intrinsic@^1.1.1:
  version "1.1.1"
  resolved "https://registry.nlark.com/get-intrinsic/download/get-intrinsic-1.1.1.tgz#15f59f376f855c446963948f0d24cd3637b4abc6"
  integrity sha1-FfWfN2+FXERpY5SPDSTNNje0q8Y=
  dependencies:
    function-bind "^1.1.1"
    has "^1.0.3"
    has-symbols "^1.0.1"

has-bigints@^1.0.1:
  version "1.0.1"
  resolved "https://registry.npm.taobao.org/has-bigints/download/has-bigints-1.0.1.tgz?cache=0&other_urls=https%3A%2F%2Fregistry.npm.taobao.org%2Fhas-bigints%2Fdownload%2Fhas-bigints-1.0.1.tgz#64fe6acb020673e3b78db035a5af69aa9d07b113"
  integrity sha1-ZP5qywIGc+O3jbA1pa9pqp0HsRM=

has-symbols@^1.0.1, has-symbols@^1.0.2:
  version "1.0.2"
  resolved "https://registry.npm.taobao.org/has-symbols/download/has-symbols-1.0.2.tgz#165d3070c00309752a1236a479331e3ac56f1423"
  integrity sha1-Fl0wcMADCXUqEjakeTMeOsVvFCM=

has-tostringtag@^1.0.0:
  version "1.0.0"
  resolved "https://registry.nlark.com/has-tostringtag/download/has-tostringtag-1.0.0.tgz?cache=0&sync_timestamp=1628199038461&other_urls=https%3A%2F%2Fregistry.nlark.com%2Fhas-tostringtag%2Fdownload%2Fhas-tostringtag-1.0.0.tgz#7e133818a7d394734f941e73c3d3f9291e658b25"
  integrity sha1-fhM4GKfTlHNPlB5zw9P5KR5liyU=
  dependencies:
    has-symbols "^1.0.2"

has@^1.0.3:
  version "1.0.3"
  resolved "https://registry.nlark.com/has/download/has-1.0.3.tgz#722d7cbfc1f6aa8241f16dd814e011e1f41e8796"
  integrity sha1-ci18v8H2qoJB8W3YFOAR4fQeh5Y=
  dependencies:
    function-bind "^1.1.1"

internal-slot@^1.0.3:
  version "1.0.3"
  resolved "https://registry.nlark.com/internal-slot/download/internal-slot-1.0.3.tgz#7347e307deeea2faac2ac6205d4bc7d34967f59c"
  integrity sha1-c0fjB97uovqsKsYgXUvH00ln9Zw=
  dependencies:
    get-intrinsic "^1.1.0"
    has "^1.0.3"
    side-channel "^1.0.4"

is-bigint@^1.0.1:
  version "1.0.4"
  resolved "https://registry.nlark.com/is-bigint/download/is-bigint-1.0.4.tgz?cache=0&other_urls=https%3A%2F%2Fregistry.nlark.com%2Fis-bigint%2Fdownload%2Fis-bigint-1.0.4.tgz#08147a1875bc2b32005d41ccd8291dffc6691df3"
  integrity sha1-CBR6GHW8KzIAXUHM2Ckd/8ZpHfM=
  dependencies:
    has-bigints "^1.0.1"

is-boolean-object@^1.1.0:
  version "1.1.2"
  resolved "https://registry.nlark.com/is-boolean-object/download/is-boolean-object-1.1.2.tgz?cache=0&sync_timestamp=1628207316583&other_urls=https%3A%2F%2Fregistry.nlark.com%2Fis-boolean-object%2Fdownload%2Fis-boolean-object-1.1.2.tgz#5c6dc200246dd9321ae4b885a114bb1f75f63719"
  integrity sha1-XG3CACRt2TIa5LiFoRS7H3X2Nxk=
  dependencies:
    call-bind "^1.0.2"
    has-tostringtag "^1.0.0"

is-callable@^1.1.4, is-callable@^1.2.3:
  version "1.2.4"
  resolved "https://registry.nlark.com/is-callable/download/is-callable-1.2.4.tgz#47301d58dd0259407865547853df6d61fe471945"
  integrity sha1-RzAdWN0CWUB4ZVR4U99tYf5HGUU=

is-date-object@^1.0.1:
  version "1.0.5"
  resolved "https://registry.nlark.com/is-date-object/download/is-date-object-1.0.5.tgz?cache=0&sync_timestamp=1628199036971&other_urls=https%3A%2F%2Fregistry.nlark.com%2Fis-date-object%2Fdownload%2Fis-date-object-1.0.5.tgz#0841d5536e724c25597bf6ea62e1bd38298df31f"
  integrity sha1-CEHVU25yTCVZe/bqYuG9OCmN8x8=
  dependencies:
    has-tostringtag "^1.0.0"

is-negative-zero@^2.0.1:
  version "2.0.1"
  resolved "https://registry.npm.taobao.org/is-negative-zero/download/is-negative-zero-2.0.1.tgz#3de746c18dda2319241a53675908d8f766f11c24"
  integrity sha1-PedGwY3aIxkkGlNnWQjY92bxHCQ=

is-number-object@^1.0.4:
  version "1.0.6"
  resolved "https://registry.nlark.com/is-number-object/download/is-number-object-1.0.6.tgz?cache=0&other_urls=https%3A%2F%2Fregistry.nlark.com%2Fis-number-object%2Fdownload%2Fis-number-object-1.0.6.tgz#6a7aaf838c7f0686a50b4553f7e54a96494e89f0"
  integrity sha1-anqvg4x/BoalC0VT9+VKlklOifA=
  dependencies:
    has-tostringtag "^1.0.0"

is-regex@^1.1.3:
  version "1.1.4"
  resolved "https://registry.nlark.com/is-regex/download/is-regex-1.1.4.tgz#eef5663cd59fa4c0ae339505323df6854bb15958"
  integrity sha1-7vVmPNWfpMCuM5UFMj32hUuxWVg=
  dependencies:
    call-bind "^1.0.2"
    has-tostringtag "^1.0.0"

is-string@^1.0.5, is-string@^1.0.6:
  version "1.0.7"
  resolved "https://registry.nlark.com/is-string/download/is-string-1.0.7.tgz#0dd12bf2006f255bb58f695110eff7491eebc0fd"
  integrity sha1-DdEr8gBvJVu1j2lREO/3SR7rwP0=
  dependencies:
    has-tostringtag "^1.0.0"

is-symbol@^1.0.2, is-symbol@^1.0.3:
  version "1.0.4"
  resolved "https://registry.nlark.com/is-symbol/download/is-symbol-1.0.4.tgz#a6dac93b635b063ca6872236de88910a57af139c"
  integrity sha1-ptrJO2NbBjymhyI23oiRClevE5w=
  dependencies:
    has-symbols "^1.0.2"

make-error@^1.1.1:
  version "1.3.6"
  resolved "https://registry.nlark.com/make-error/download/make-error-1.3.6.tgz#2eb2e37ea9b67c4891f684a1394799af484cf7a2"
  integrity sha1-LrLjfqm2fEiR9oShOUeZr0hM96I=

minimist@^1.2.0, minimist@^1.2.5:
  version "1.2.5"
  resolved "https://registry.npm.taobao.org/minimist/download/minimist-1.2.5.tgz#67d66014b66a6a8aaa0c083c5fd58df4e4e97602"
  integrity sha1-Z9ZgFLZqaoqqDAg8X9WN9OTpdgI=

mkdirp@^0.5.1:
  version "0.5.5"
  resolved "https://registry.npm.taobao.org/mkdirp/download/mkdirp-0.5.5.tgz#d91cefd62d1436ca0f41620e251288d420099def"
  integrity sha1-2Rzv1i0UNsoPQWIOJRKI1CAJne8=
  dependencies:
    minimist "^1.2.5"

object-inspect@^1.11.0, object-inspect@^1.9.0:
  version "1.11.0"
  resolved "https://registry.nlark.com/object-inspect/download/object-inspect-1.11.0.tgz?cache=0&sync_timestamp=1626120634902&other_urls=https%3A%2F%2Fregistry.nlark.com%2Fobject-inspect%2Fdownload%2Fobject-inspect-1.11.0.tgz#9dceb146cedd4148a0d9e51ab88d34cf509922b1"
  integrity sha1-nc6xRs7dQUig2eUauI00z1CZIrE=

object-keys@^1.0.12, object-keys@^1.1.1:
  version "1.1.1"
  resolved "https://registry.npm.taobao.org/object-keys/download/object-keys-1.1.1.tgz#1c47f272df277f3b1daf061677d9c82e2322c60e"
  integrity sha1-HEfyct8nfzsdrwYWd9nILiMixg4=

object.assign@^4.1.0, object.assign@^4.1.2:
  version "4.1.2"
  resolved "https://registry.npm.taobao.org/object.assign/download/object.assign-4.1.2.tgz#0ed54a342eceb37b38ff76eb831a0e788cb63940"
  integrity sha1-DtVKNC7Os3s4/3brgxoOeIy2OUA=
  dependencies:
    call-bind "^1.0.0"
    define-properties "^1.1.3"
    has-symbols "^1.0.1"
    object-keys "^1.1.1"

object.entries@^1.1.0:
  version "1.1.4"
  resolved "https://registry.nlark.com/object.entries/download/object.entries-1.1.4.tgz#43ccf9a50bc5fd5b649d45ab1a579f24e088cafd"
  integrity sha1-Q8z5pQvF/VtknUWrGlefJOCIyv0=
  dependencies:
    call-bind "^1.0.2"
    define-properties "^1.1.3"
    es-abstract "^1.18.2"

rxjs@^6.5.5:
  version "6.6.7"
  resolved "https://registry.nlark.com/rxjs/download/rxjs-6.6.7.tgz#90ac018acabf491bf65044235d5863c4dab804c9"
  integrity sha1-kKwBisq/SRv2UEQjXVhjxNq4BMk=
  dependencies:
    tslib "^1.9.0"

side-channel@^1.0.4:
  version "1.0.4"
  resolved "https://registry.npm.taobao.org/side-channel/download/side-channel-1.0.4.tgz#efce5c8fdc104ee751b25c58d4290011fa5ea2cf"
  integrity sha1-785cj9wQTudRslxY1CkAEfpeos8=
  dependencies:
    call-bind "^1.0.0"
    get-intrinsic "^1.0.2"
    object-inspect "^1.9.0"

source-map-support@^0.5.6:
  version "0.5.19"
  resolved "https://registry.npm.taobao.org/source-map-support/download/source-map-support-0.5.19.tgz?cache=0&sync_timestamp=1609426294974&other_urls=https%3A%2F%2Fregistry.npm.taobao.org%2Fsource-map-support%2Fdownload%2Fsource-map-support-0.5.19.tgz#a98b62f86dcaf4f67399648c085291ab9e8fed61"
  integrity sha1-qYti+G3K9PZzmWSMCFKRq56P7WE=
  dependencies:
    buffer-from "^1.0.0"
    source-map "^0.6.0"

source-map@^0.6.0:
  version "0.6.1"
  resolved "https://registry.npm.taobao.org/source-map/download/source-map-0.6.1.tgz#74722af32e9614e9c287a8d0bbde48b5e2f1a263"
  integrity sha1-dHIq8y6WFOnCh6jQu95IteLxomM=

string.prototype.trimend@^1.0.4:
  version "1.0.4"
  resolved "https://registry.nlark.com/string.prototype.trimend/download/string.prototype.trimend-1.0.4.tgz#e75ae90c2942c63504686c18b287b4a0b1a45f80"
  integrity sha1-51rpDClCxjUEaGwYsoe0oLGkX4A=
  dependencies:
    call-bind "^1.0.2"
    define-properties "^1.1.3"

string.prototype.trimstart@^1.0.4:
  version "1.0.4"
  resolved "https://registry.nlark.com/string.prototype.trimstart/download/string.prototype.trimstart-1.0.4.tgz#b36399af4ab2999b4c9c648bd7a3fb2bb26feeed"
  integrity sha1-s2OZr0qymZtMnGSL16P7K7Jv7u0=
  dependencies:
    call-bind "^1.0.2"
    define-properties "^1.1.3"

ts-node@^7.0.1:
  version "7.0.1"
  resolved "https://registry.nlark.com/ts-node/download/ts-node-7.0.1.tgz?cache=0&sync_timestamp=1629307810243&other_urls=https%3A%2F%2Fregistry.nlark.com%2Fts-node%2Fdownload%2Fts-node-7.0.1.tgz#9562dc2d1e6d248d24bc55f773e3f614337d9baf"
  integrity sha1-lWLcLR5tJI0kvFX3c+P2FDN9m68=
  dependencies:
    arrify "^1.0.0"
    buffer-from "^1.1.0"
    diff "^3.1.0"
    make-error "^1.1.1"
    minimist "^1.2.0"
    mkdirp "^0.5.1"
    source-map-support "^0.5.6"
    yn "^2.0.0"

tslib@^1.9.0:
  version "1.14.1"
  resolved "https://registry.nlark.com/tslib/download/tslib-1.14.1.tgz?cache=0&sync_timestamp=1628722833529&other_urls=https%3A%2F%2Fregistry.nlark.com%2Ftslib%2Fdownload%2Ftslib-1.14.1.tgz#cf2d38bdc34a134bcaf1091c41f6619e2f672d00"
  integrity sha1-zy04vcNKE0vK8QkcQfZhni9nLQA=

typescript@^3.0.3:
  version "3.9.10"
  resolved "https://registry.nlark.com/typescript/download/typescript-3.9.10.tgz?cache=0&sync_timestamp=1630826436980&other_urls=https%3A%2F%2Fregistry.nlark.com%2Ftypescript%2Fdownload%2Ftypescript-3.9.10.tgz#70f3910ac7a51ed6bef79da7800690b19bf778b8"
  integrity sha1-cPORCselHta+952ngAaQsZv3eLg=

unbox-primitive@^1.0.1:
  version "1.0.1"
  resolved "https://registry.npm.taobao.org/unbox-primitive/download/unbox-primitive-1.0.1.tgz#085e215625ec3162574dc8859abee78a59b14471"
  integrity sha1-CF4hViXsMWJXTciFmr7nilmxRHE=
  dependencies:
    function-bind "^1.1.1"
    has-bigints "^1.0.1"
    has-symbols "^1.0.2"
    which-boxed-primitive "^1.0.2"

which-boxed-primitive@^1.0.2:
  version "1.0.2"
  resolved "https://registry.npm.taobao.org/which-boxed-primitive/download/which-boxed-primitive-1.0.2.tgz#13757bc89b209b049fe5d86430e21cf40a89a8e6"
  integrity sha1-E3V7yJsgmwSf5dhkMOIc9AqJqOY=
  dependencies:
    is-bigint "^1.0.1"
    is-boolean-object "^1.1.0"
    is-number-object "^1.0.4"
    is-string "^1.0.5"
    is-symbol "^1.0.3"

yn@^2.0.0:
  version "2.0.0"
  resolved "https://registry.nlark.com/yn/download/yn-2.0.0.tgz?cache=0&sync_timestamp=1628978369323&other_urls=https%3A%2F%2Fregistry.nlark.com%2Fyn%2Fdownload%2Fyn-2.0.0.tgz#e5adabc8acf408f6385fc76495684c88e6af689a"
  integrity sha1-5a2ryKz0CPY4X8dklWhMiOavaJo=
